// !$*UTF8*$!
{
	archiveVersion = 1;
	classes = {
	};
	objectVersion = 56;
	objects = {

/* Begin PBXBuildFile section */
		AD1FBFB22A041E550020F2C5 /* SwiftUI_Thinking_BootcampApp.swift in Sources */ = {isa = PBXBuildFile; fileRef = AD1FBFB12A041E550020F2C5 /* SwiftUI_Thinking_BootcampApp.swift */; };
		AD1FBFB42A041E550020F2C5 /* ContentView.swift in Sources */ = {isa = PBXBuildFile; fileRef = AD1FBFB32A041E550020F2C5 /* ContentView.swift */; };
		AD1FBFB62A041E560020F2C5 /* Assets.xcassets in Resources */ = {isa = PBXBuildFile; fileRef = AD1FBFB52A041E560020F2C5 /* Assets.xcassets */; };
		AD1FBFB92A041E560020F2C5 /* Preview Assets.xcassets in Resources */ = {isa = PBXBuildFile; fileRef = AD1FBFB82A041E560020F2C5 /* Preview Assets.xcassets */; };
		AD1FBFC02A0421BE0020F2C5 /* TextBootcamp.swift in Sources */ = {isa = PBXBuildFile; fileRef = AD1FBFBF2A0421BD0020F2C5 /* TextBootcamp.swift */; };
		AD1FBFC22A0429BF0020F2C5 /* ShapeBootcamp.swift in Sources */ = {isa = PBXBuildFile; fileRef = AD1FBFC12A0429BF0020F2C5 /* ShapeBootcamp.swift */; };
		AD1FBFC42A0896D90020F2C5 /* ColorsBootcamp.swift in Sources */ = {isa = PBXBuildFile; fileRef = AD1FBFC32A0896D90020F2C5 /* ColorsBootcamp.swift */; };
		AD1FBFC62A089C820020F2C5 /* StacksBootcamp.swift in Sources */ = {isa = PBXBuildFile; fileRef = AD1FBFC52A089C820020F2C5 /* StacksBootcamp.swift */; };
		AD1FBFC82A09E8FB0020F2C5 /* GradientBootcamp.swift in Sources */ = {isa = PBXBuildFile; fileRef = AD1FBFC72A09E8FB0020F2C5 /* GradientBootcamp.swift */; };
		AD1FBFCA2A09F7F20020F2C5 /* IconBootcamp.swift in Sources */ = {isa = PBXBuildFile; fileRef = AD1FBFC92A09F7F20020F2C5 /* IconBootcamp.swift */; };
		AD1FBFCC2A09FE220020F2C5 /* ImageBootcamp.swift in Sources */ = {isa = PBXBuildFile; fileRef = AD1FBFCB2A09FE220020F2C5 /* ImageBootcamp.swift */; };
		AD1FBFCE2A0AA30D0020F2C5 /* FrameBootcamp.swift in Sources */ = {isa = PBXBuildFile; fileRef = AD1FBFCD2A0AA30D0020F2C5 /* FrameBootcamp.swift */; };
		AD1FBFD02A0AA7A70020F2C5 /* BackgroundAndOverlayBootcamp.swift in Sources */ = {isa = PBXBuildFile; fileRef = AD1FBFCF2A0AA7A70020F2C5 /* BackgroundAndOverlayBootcamp.swift */; };
		AD1FBFD22A0AAE410020F2C5 /* PaddingAndSpacerBootcamp.swift in Sources */ = {isa = PBXBuildFile; fileRef = AD1FBFD12A0AAE410020F2C5 /* PaddingAndSpacerBootcamp.swift */; };
		AD1FBFD42A0CD5550020F2C5 /* SpacerBootcamp.swift in Sources */ = {isa = PBXBuildFile; fileRef = AD1FBFD32A0CD5550020F2C5 /* SpacerBootcamp.swift */; };
		AD1FBFD62A166AC70020F2C5 /* initializerBootcamp.swift in Sources */ = {isa = PBXBuildFile; fileRef = AD1FBFD52A166AC70020F2C5 /* initializerBootcamp.swift */; };
		AD1FBFD82A181B110020F2C5 /* ForeachBootcamp.swift in Sources */ = {isa = PBXBuildFile; fileRef = AD1FBFD72A181B110020F2C5 /* ForeachBootcamp.swift */; };
		AD1FBFDA2A18AF570020F2C5 /* ScrollViewBootcamp.swift in Sources */ = {isa = PBXBuildFile; fileRef = AD1FBFD92A18AF570020F2C5 /* ScrollViewBootcamp.swift */; };
		AD1FBFDC2A1DC61C0020F2C5 /* GridBootcamp.swift in Sources */ = {isa = PBXBuildFile; fileRef = AD1FBFDB2A1DC61C0020F2C5 /* GridBootcamp.swift */; };
		AD1FBFDE2A23AA310020F2C5 /* SafeAreaBootcamp.swift in Sources */ = {isa = PBXBuildFile; fileRef = AD1FBFDD2A23AA310020F2C5 /* SafeAreaBootcamp.swift */; };
		AD1FBFE02A23BFCE0020F2C5 /* ButtonsBootcamp.swift in Sources */ = {isa = PBXBuildFile; fileRef = AD1FBFDF2A23BFCE0020F2C5 /* ButtonsBootcamp.swift */; };
		AD1FBFE22A23C4500020F2C5 /* StateBootcamp.swift in Sources */ = {isa = PBXBuildFile; fileRef = AD1FBFE12A23C4500020F2C5 /* StateBootcamp.swift */; };
		AD1FBFE42A2431530020F2C5 /* ExtractedFunctionsBootcamp.swift in Sources */ = {isa = PBXBuildFile; fileRef = AD1FBFE32A2431530020F2C5 /* ExtractedFunctionsBootcamp.swift */; };
/* End PBXBuildFile section */

/* Begin PBXFileReference section */
		AD1FBFAE2A041E550020F2C5 /* SwiftUI_Thinking_Bootcamp.app */ = {isa = PBXFileReference; explicitFileType = wrapper.application; includeInIndex = 0; path = SwiftUI_Thinking_Bootcamp.app; sourceTree = BUILT_PRODUCTS_DIR; };
		AD1FBFB12A041E550020F2C5 /* SwiftUI_Thinking_BootcampApp.swift */ = {isa = PBXFileReference; lastKnownFileType = sourcecode.swift; path = SwiftUI_Thinking_BootcampApp.swift; sourceTree = "<group>"; };
		AD1FBFB32A041E550020F2C5 /* ContentView.swift */ = {isa = PBXFileReference; lastKnownFileType = sourcecode.swift; path = ContentView.swift; sourceTree = "<group>"; };
		AD1FBFB52A041E560020F2C5 /* Assets.xcassets */ = {isa = PBXFileReference; lastKnownFileType = folder.assetcatalog; path = Assets.xcassets; sourceTree = "<group>"; };
		AD1FBFB82A041E560020F2C5 /* Preview Assets.xcassets */ = {isa = PBXFileReference; lastKnownFileType = folder.assetcatalog; path = "Preview Assets.xcassets"; sourceTree = "<group>"; };
		AD1FBFBF2A0421BD0020F2C5 /* TextBootcamp.swift */ = {isa = PBXFileReference; lastKnownFileType = sourcecode.swift; path = TextBootcamp.swift; sourceTree = "<group>"; };
		AD1FBFC12A0429BF0020F2C5 /* ShapeBootcamp.swift */ = {isa = PBXFileReference; lastKnownFileType = sourcecode.swift; path = ShapeBootcamp.swift; sourceTree = "<group>"; };
		AD1FBFC32A0896D90020F2C5 /* ColorsBootcamp.swift */ = {isa = PBXFileReference; lastKnownFileType = sourcecode.swift; path = ColorsBootcamp.swift; sourceTree = "<group>"; };
		AD1FBFC52A089C820020F2C5 /* StacksBootcamp.swift */ = {isa = PBXFileReference; lastKnownFileType = sourcecode.swift; path = StacksBootcamp.swift; sourceTree = "<group>"; };
		AD1FBFC72A09E8FB0020F2C5 /* GradientBootcamp.swift */ = {isa = PBXFileReference; lastKnownFileType = sourcecode.swift; path = GradientBootcamp.swift; sourceTree = "<group>"; };
		AD1FBFC92A09F7F20020F2C5 /* IconBootcamp.swift */ = {isa = PBXFileReference; lastKnownFileType = sourcecode.swift; path = IconBootcamp.swift; sourceTree = "<group>"; };
		AD1FBFCB2A09FE220020F2C5 /* ImageBootcamp.swift */ = {isa = PBXFileReference; lastKnownFileType = sourcecode.swift; path = ImageBootcamp.swift; sourceTree = "<group>"; };
		AD1FBFCD2A0AA30D0020F2C5 /* FrameBootcamp.swift */ = {isa = PBXFileReference; lastKnownFileType = sourcecode.swift; path = FrameBootcamp.swift; sourceTree = "<group>"; };
		AD1FBFCF2A0AA7A70020F2C5 /* BackgroundAndOverlayBootcamp.swift */ = {isa = PBXFileReference; lastKnownFileType = sourcecode.swift; path = BackgroundAndOverlayBootcamp.swift; sourceTree = "<group>"; };
		AD1FBFD12A0AAE410020F2C5 /* PaddingAndSpacerBootcamp.swift */ = {isa = PBXFileReference; lastKnownFileType = sourcecode.swift; path = PaddingAndSpacerBootcamp.swift; sourceTree = "<group>"; };
		AD1FBFD32A0CD5550020F2C5 /* SpacerBootcamp.swift */ = {isa = PBXFileReference; lastKnownFileType = sourcecode.swift; path = SpacerBootcamp.swift; sourceTree = "<group>"; };
		AD1FBFD52A166AC70020F2C5 /* initializerBootcamp.swift */ = {isa = PBXFileReference; lastKnownFileType = sourcecode.swift; path = initializerBootcamp.swift; sourceTree = "<group>"; };
		AD1FBFD72A181B110020F2C5 /* ForeachBootcamp.swift */ = {isa = PBXFileReference; lastKnownFileType = sourcecode.swift; path = ForeachBootcamp.swift; sourceTree = "<group>"; };
		AD1FBFD92A18AF570020F2C5 /* ScrollViewBootcamp.swift */ = {isa = PBXFileReference; lastKnownFileType = sourcecode.swift; path = ScrollViewBootcamp.swift; sourceTree = "<group>"; };
		AD1FBFDB2A1DC61C0020F2C5 /* GridBootcamp.swift */ = {isa = PBXFileReference; lastKnownFileType = sourcecode.swift; path = GridBootcamp.swift; sourceTree = "<group>"; };
		AD1FBFDD2A23AA310020F2C5 /* SafeAreaBootcamp.swift */ = {isa = PBXFileReference; lastKnownFileType = sourcecode.swift; path = SafeAreaBootcamp.swift; sourceTree = "<group>"; };
		AD1FBFDF2A23BFCE0020F2C5 /* ButtonsBootcamp.swift */ = {isa = PBXFileReference; lastKnownFileType = sourcecode.swift; path = ButtonsBootcamp.swift; sourceTree = "<group>"; };
		AD1FBFE12A23C4500020F2C5 /* StateBootcamp.swift */ = {isa = PBXFileReference; lastKnownFileType = sourcecode.swift; path = StateBootcamp.swift; sourceTree = "<group>"; };
		AD1FBFE32A2431530020F2C5 /* ExtractedFunctionsBootcamp.swift */ = {isa = PBXFileReference; lastKnownFileType = sourcecode.swift; path = ExtractedFunctionsBootcamp.swift; sourceTree = "<group>"; };
/* End PBXFileReference section */

/* Begin PBXFrameworksBuildPhase section */
		AD1FBFAB2A041E550020F2C5 /* Frameworks */ = {
			isa = PBXFrameworksBuildPhase;
			buildActionMask = 2147483647;
			files = (
			);
			runOnlyForDeploymentPostprocessing = 0;
		};
/* End PBXFrameworksBuildPhase section */

/* Begin PBXGroup section */
		AD1FBFA52A041E550020F2C5 = {
			isa = PBXGroup;
			children = (
				AD1FBFB02A041E550020F2C5 /* SwiftUI_Thinking_Bootcamp */,
				AD1FBFAF2A041E550020F2C5 /* Products */,
			);
			sourceTree = "<group>";
		};
		AD1FBFAF2A041E550020F2C5 /* Products */ = {
			isa = PBXGroup;
			children = (
				AD1FBFAE2A041E550020F2C5 /* SwiftUI_Thinking_Bootcamp.app */,
			);
			name = Products;
			sourceTree = "<group>";
		};
		AD1FBFB02A041E550020F2C5 /* SwiftUI_Thinking_Bootcamp */ = {
			isa = PBXGroup;
			children = (
				AD1FBFB12A041E550020F2C5 /* SwiftUI_Thinking_BootcampApp.swift */,
				AD1FBFBF2A0421BD0020F2C5 /* TextBootcamp.swift */,
				AD1FBFC12A0429BF0020F2C5 /* ShapeBootcamp.swift */,
				AD1FBFC32A0896D90020F2C5 /* ColorsBootcamp.swift */,
				AD1FBFC52A089C820020F2C5 /* StacksBootcamp.swift */,
				AD1FBFC72A09E8FB0020F2C5 /* GradientBootcamp.swift */,
				AD1FBFC92A09F7F20020F2C5 /* IconBootcamp.swift */,
				AD1FBFCB2A09FE220020F2C5 /* ImageBootcamp.swift */,
				AD1FBFCD2A0AA30D0020F2C5 /* FrameBootcamp.swift */,
				AD1FBFCF2A0AA7A70020F2C5 /* BackgroundAndOverlayBootcamp.swift */,
				AD1FBFD12A0AAE410020F2C5 /* PaddingAndSpacerBootcamp.swift */,
				AD1FBFD32A0CD5550020F2C5 /* SpacerBootcamp.swift */,
				AD1FBFB32A041E550020F2C5 /* ContentView.swift */,
				AD1FBFD52A166AC70020F2C5 /* initializerBootcamp.swift */,
				AD1FBFD72A181B110020F2C5 /* ForeachBootcamp.swift */,
				AD1FBFD92A18AF570020F2C5 /* ScrollViewBootcamp.swift */,
				AD1FBFDB2A1DC61C0020F2C5 /* GridBootcamp.swift */,
				AD1FBFDD2A23AA310020F2C5 /* SafeAreaBootcamp.swift */,
				AD1FBFDF2A23BFCE0020F2C5 /* ButtonsBootcamp.swift */,
				AD1FBFE12A23C4500020F2C5 /* StateBootcamp.swift */,
				AD1FBFE32A2431530020F2C5 /* ExtractedFunctionsBootcamp.swift */,
				AD1FBFB52A041E560020F2C5 /* Assets.xcassets */,
				AD1FBFB72A041E560020F2C5 /* Preview Content */,
			);
			path = SwiftUI_Thinking_Bootcamp;
			sourceTree = "<group>";
		};
		AD1FBFB72A041E560020F2C5 /* Preview Content */ = {
			isa = PBXGroup;
			children = (
				AD1FBFB82A041E560020F2C5 /* Preview Assets.xcassets */,
			);
			path = "Preview Content";
			sourceTree = "<group>";
		};
/* End PBXGroup section */

/* Begin PBXNativeTarget section */
		AD1FBFAD2A041E550020F2C5 /* SwiftUI_Thinking_Bootcamp */ = {
			isa = PBXNativeTarget;
			buildConfigurationList = AD1FBFBC2A041E560020F2C5 /* Build configuration list for PBXNativeTarget "SwiftUI_Thinking_Bootcamp" */;
			buildPhases = (
				AD1FBFAA2A041E550020F2C5 /* Sources */,
				AD1FBFAB2A041E550020F2C5 /* Frameworks */,
				AD1FBFAC2A041E550020F2C5 /* Resources */,
			);
			buildRules = (
			);
			dependencies = (
			);
			name = SwiftUI_Thinking_Bootcamp;
			productName = SwiftUI_Thinking_Bootcamp;
			productReference = AD1FBFAE2A041E550020F2C5 /* SwiftUI_Thinking_Bootcamp.app */;
			productType = "com.apple.product-type.application";
		};
/* End PBXNativeTarget section */

/* Begin PBXProject section */
		AD1FBFA62A041E550020F2C5 /* Project object */ = {
			isa = PBXProject;
			attributes = {
				BuildIndependentTargetsInParallel = 1;
				LastSwiftUpdateCheck = 1430;
				LastUpgradeCheck = 1430;
				TargetAttributes = {
					AD1FBFAD2A041E550020F2C5 = {
						CreatedOnToolsVersion = 14.3;
					};
				};
			};
			buildConfigurationList = AD1FBFA92A041E550020F2C5 /* Build configuration list for PBXProject "SwiftUI_Thinking_Bootcamp" */;
			compatibilityVersion = "Xcode 14.0";
			developmentRegion = en;
			hasScannedForEncodings = 0;
			knownRegions = (
				en,
				Base,
			);
			mainGroup = AD1FBFA52A041E550020F2C5;
			productRefGroup = AD1FBFAF2A041E550020F2C5 /* Products */;
			projectDirPath = "";
			projectRoot = "";
			targets = (
				AD1FBFAD2A041E550020F2C5 /* SwiftUI_Thinking_Bootcamp */,
			);
		};
/* End PBXProject section */

/* Begin PBXResourcesBuildPhase section */
		AD1FBFAC2A041E550020F2C5 /* Resources */ = {
			isa = PBXResourcesBuildPhase;
			buildActionMask = 2147483647;
			files = (
				AD1FBFB92A041E560020F2C5 /* Preview Assets.xcassets in Resources */,
				AD1FBFB62A041E560020F2C5 /* Assets.xcassets in Resources */,
			);
			runOnlyForDeploymentPostprocessing = 0;
		};
/* End PBXResourcesBuildPhase section */

/* Begin PBXSourcesBuildPhase section */
		AD1FBFAA2A041E550020F2C5 /* Sources */ = {
			isa = PBXSourcesBuildPhase;
			buildActionMask = 2147483647;
			files = (
				AD1FBFE22A23C4500020F2C5 /* StateBootcamp.swift in Sources */,
				AD1FBFC82A09E8FB0020F2C5 /* GradientBootcamp.swift in Sources */,
				AD1FBFD82A181B110020F2C5 /* ForeachBootcamp.swift in Sources */,
				AD1FBFDA2A18AF570020F2C5 /* ScrollViewBootcamp.swift in Sources */,
				AD1FBFCC2A09FE220020F2C5 /* ImageBootcamp.swift in Sources */,
				AD1FBFD22A0AAE410020F2C5 /* PaddingAndSpacerBootcamp.swift in Sources */,
				AD1FBFD62A166AC70020F2C5 /* initializerBootcamp.swift in Sources */,
				AD1FBFE42A2431530020F2C5 /* ExtractedFunctionsBootcamp.swift in Sources */,
				AD1FBFC42A0896D90020F2C5 /* ColorsBootcamp.swift in Sources */,
				AD1FBFC22A0429BF0020F2C5 /* ShapeBootcamp.swift in Sources */,
				AD1FBFE02A23BFCE0020F2C5 /* ButtonsBootcamp.swift in Sources */,
				AD1FBFDE2A23AA310020F2C5 /* SafeAreaBootcamp.swift in Sources */,
				AD1FBFCA2A09F7F20020F2C5 /* IconBootcamp.swift in Sources */,
				AD1FBFB42A041E550020F2C5 /* ContentView.swift in Sources */,
				AD1FBFC62A089C820020F2C5 /* StacksBootcamp.swift in Sources */,
				AD1FBFD02A0AA7A70020F2C5 /* BackgroundAndOverlayBootcamp.swift in Sources */,
				AD1FBFC02A0421BE0020F2C5 /* TextBootcamp.swift in Sources */,
				AD1FBFD42A0CD5550020F2C5 /* SpacerBootcamp.swift in Sources */,
				AD1FBFDC2A1DC61C0020F2C5 /* GridBootcamp.swift in Sources */,
				AD1FBFCE2A0AA30D0020F2C5 /* FrameBootcamp.swift in Sources */,
				AD1FBFB22A041E550020F2C5 /* SwiftUI_Thinking_BootcampApp.swift in Sources */,
			);
			runOnlyForDeploymentPostprocessing = 0;
		};
/* End PBXSourcesBuildPhase section */

/* Begin XCBuildConfiguration section */
		AD1FBFBA2A041E560020F2C5 /* Debug */ = {
			isa = XCBuildConfiguration;
			buildSettings = {
				ALWAYS_SEARCH_USER_PATHS = NO;
				CLANG_ANALYZER_NONNULL = YES;
				CLANG_ANALYZER_NUMBER_OBJECT_CONVERSION = YES_AGGRESSIVE;
				CLANG_CXX_LANGUAGE_STANDARD = "gnu++20";
				CLANG_ENABLE_MODULES = YES;
				CLANG_ENABLE_OBJC_ARC = YES;
				CLANG_ENABLE_OBJC_WEAK = YES;
				CLANG_WARN_BLOCK_CAPTURE_AUTORELEASING = YES;
				CLANG_WARN_BOOL_CONVERSION = YES;
				CLANG_WARN_COMMA = YES;
				CLANG_WARN_CONSTANT_CONVERSION = YES;
				CLANG_WARN_DEPRECATED_OBJC_IMPLEMENTATIONS = YES;
				CLANG_WARN_DIRECT_OBJC_ISA_USAGE = YES_ERROR;
				CLANG_WARN_DOCUMENTATION_COMMENTS = YES;
				CLANG_WARN_EMPTY_BODY = YES;
				CLANG_WARN_ENUM_CONVERSION = YES;
				CLANG_WARN_INFINITE_RECURSION = YES;
				CLANG_WARN_INT_CONVERSION = YES;
				CLANG_WARN_NON_LITERAL_NULL_CONVERSION = YES;
				CLANG_WARN_OBJC_IMPLICIT_RETAIN_SELF = YES;
				CLANG_WARN_OBJC_LITERAL_CONVERSION = YES;
				CLANG_WARN_OBJC_ROOT_CLASS = YES_ERROR;
				CLANG_WARN_QUOTED_INCLUDE_IN_FRAMEWORK_HEADER = YES;
				CLANG_WARN_RANGE_LOOP_ANALYSIS = YES;
				CLANG_WARN_STRICT_PROTOTYPES = YES;
				CLANG_WARN_SUSPICIOUS_MOVE = YES;
				CLANG_WARN_UNGUARDED_AVAILABILITY = YES_AGGRESSIVE;
				CLANG_WARN_UNREACHABLE_CODE = YES;
				CLANG_WARN__DUPLICATE_METHOD_MATCH = YES;
				COPY_PHASE_STRIP = NO;
				DEBUG_INFORMATION_FORMAT = dwarf;
				ENABLE_STRICT_OBJC_MSGSEND = YES;
				ENABLE_TESTABILITY = YES;
				GCC_C_LANGUAGE_STANDARD = gnu11;
				GCC_DYNAMIC_NO_PIC = NO;
				GCC_NO_COMMON_BLOCKS = YES;
				GCC_OPTIMIZATION_LEVEL = 0;
				GCC_PREPROCESSOR_DEFINITIONS = (
					"DEBUG=1",
					"$(inherited)",
				);
				GCC_WARN_64_TO_32_BIT_CONVERSION = YES;
				GCC_WARN_ABOUT_RETURN_TYPE = YES_ERROR;
				GCC_WARN_UNDECLARED_SELECTOR = YES;
				GCC_WARN_UNINITIALIZED_AUTOS = YES_AGGRESSIVE;
				GCC_WARN_UNUSED_FUNCTION = YES;
				GCC_WARN_UNUSED_VARIABLE = YES;
				IPHONEOS_DEPLOYMENT_TARGET = 16.4;
				MTL_ENABLE_DEBUG_INFO = INCLUDE_SOURCE;
				MTL_FAST_MATH = YES;
				ONLY_ACTIVE_ARCH = YES;
				SDKROOT = iphoneos;
				SWIFT_ACTIVE_COMPILATION_CONDITIONS = DEBUG;
				SWIFT_OPTIMIZATION_LEVEL = "-Onone";
			};
			name = Debug;
		};
		AD1FBFBB2A041E560020F2C5 /* Release */ = {
			isa = XCBuildConfiguration;
			buildSettings = {
				ALWAYS_SEARCH_USER_PATHS = NO;
				CLANG_ANALYZER_NONNULL = YES;
				CLANG_ANALYZER_NUMBER_OBJECT_CONVERSION = YES_AGGRESSIVE;
				CLANG_CXX_LANGUAGE_STANDARD = "gnu++20";
				CLANG_ENABLE_MODULES = YES;
				CLANG_ENABLE_OBJC_ARC = YES;
				CLANG_ENABLE_OBJC_WEAK = YES;
				CLANG_WARN_BLOCK_CAPTURE_AUTORELEASING = YES;
				CLANG_WARN_BOOL_CONVERSION = YES;
				CLANG_WARN_COMMA = YES;
				CLANG_WARN_CONSTANT_CONVERSION = YES;
				CLANG_WARN_DEPRECATED_OBJC_IMPLEMENTATIONS = YES;
				CLANG_WARN_DIRECT_OBJC_ISA_USAGE = YES_ERROR;
				CLANG_WARN_DOCUMENTATION_COMMENTS = YES;
				CLANG_WARN_EMPTY_BODY = YES;
				CLANG_WARN_ENUM_CONVERSION = YES;
				CLANG_WARN_INFINITE_RECURSION = YES;
				CLANG_WARN_INT_CONVERSION = YES;
				CLANG_WARN_NON_LITERAL_NULL_CONVERSION = YES;
				CLANG_WARN_OBJC_IMPLICIT_RETAIN_SELF = YES;
				CLANG_WARN_OBJC_LITERAL_CONVERSION = YES;
				CLANG_WARN_OBJC_ROOT_CLASS = YES_ERROR;
				CLANG_WARN_QUOTED_INCLUDE_IN_FRAMEWORK_HEADER = YES;
				CLANG_WARN_RANGE_LOOP_ANALYSIS = YES;
				CLANG_WARN_STRICT_PROTOTYPES = YES;
				CLANG_WARN_SUSPICIOUS_MOVE = YES;
				CLANG_WARN_UNGUARDED_AVAILABILITY = YES_AGGRESSIVE;
				CLANG_WARN_UNREACHABLE_CODE = YES;
				CLANG_WARN__DUPLICATE_METHOD_MATCH = YES;
				COPY_PHASE_STRIP = NO;
				DEBUG_INFORMATION_FORMAT = "dwarf-with-dsym";
				ENABLE_NS_ASSERTIONS = NO;
				ENABLE_STRICT_OBJC_MSGSEND = YES;
				GCC_C_LANGUAGE_STANDARD = gnu11;
				GCC_NO_COMMON_BLOCKS = YES;
				GCC_WARN_64_TO_32_BIT_CONVERSION = YES;
				GCC_WARN_ABOUT_RETURN_TYPE = YES_ERROR;
				GCC_WARN_UNDECLARED_SELECTOR = YES;
				GCC_WARN_UNINITIALIZED_AUTOS = YES_AGGRESSIVE;
				GCC_WARN_UNUSED_FUNCTION = YES;
				GCC_WARN_UNUSED_VARIABLE = YES;
				IPHONEOS_DEPLOYMENT_TARGET = 16.4;
				MTL_ENABLE_DEBUG_INFO = NO;
				MTL_FAST_MATH = YES;
				SDKROOT = iphoneos;
				SWIFT_COMPILATION_MODE = wholemodule;
				SWIFT_OPTIMIZATION_LEVEL = "-O";
				VALIDATE_PRODUCT = YES;
			};
			name = Release;
		};
		AD1FBFBD2A041E560020F2C5 /* Debug */ = {
			isa = XCBuildConfiguration;
			buildSettings = {
				ASSETCATALOG_COMPILER_APPICON_NAME = AppIcon;
				ASSETCATALOG_COMPILER_GLOBAL_ACCENT_COLOR_NAME = AccentColor;
				CODE_SIGN_STYLE = Automatic;
				CURRENT_PROJECT_VERSION = 1;
				DEVELOPMENT_ASSET_PATHS = "\"SwiftUI_Thinking_Bootcamp/Preview Content\"";
				DEVELOPMENT_TEAM = P9NXT375QP;
				ENABLE_PREVIEWS = YES;
				GENERATE_INFOPLIST_FILE = YES;
				INFOPLIST_KEY_UIApplicationSceneManifest_Generation = YES;
				INFOPLIST_KEY_UIApplicationSupportsIndirectInputEvents = YES;
				INFOPLIST_KEY_UILaunchScreen_Generation = YES;
				INFOPLIST_KEY_UISupportedInterfaceOrientations_iPad = "UIInterfaceOrientationPortrait UIInterfaceOrientationPortraitUpsideDown UIInterfaceOrientationLandscapeLeft UIInterfaceOrientationLandscapeRight";
				INFOPLIST_KEY_UISupportedInterfaceOrientations_iPhone = "UIInterfaceOrientationPortrait UIInterfaceOrientationLandscapeLeft UIInterfaceOrientationLandscapeRight";
				LD_RUNPATH_SEARCH_PATHS = (
					"$(inherited)",
					"@executable_path/Frameworks",
				);
				MARKETING_VERSION = 1.0;
				PRODUCT_BUNDLE_IDENTIFIER = "com.leral3.SwiftUI-Thinking-Bootcamp";
				PRODUCT_NAME = "$(TARGET_NAME)";
				SWIFT_EMIT_LOC_STRINGS = YES;
				SWIFT_VERSION = 5.0;
				TARGETED_DEVICE_FAMILY = "1,2";
			};
			name = Debug;
		};
		AD1FBFBE2A041E560020F2C5 /* Release */ = {
			isa = XCBuildConfiguration;
			buildSettings = {
				ASSETCATALOG_COMPILER_APPICON_NAME = AppIcon;
				ASSETCATALOG_COMPILER_GLOBAL_ACCENT_COLOR_NAME = AccentColor;
				CODE_SIGN_STYLE = Automatic;
				CURRENT_PROJECT_VERSION = 1;
				DEVELOPMENT_ASSET_PATHS = "\"SwiftUI_Thinking_Bootcamp/Preview Content\"";
				DEVELOPMENT_TEAM = P9NXT375QP;
				ENABLE_PREVIEWS = YES;
				GENERATE_INFOPLIST_FILE = YES;
				INFOPLIST_KEY_UIApplicationSceneManifest_Generation = YES;
				INFOPLIST_KEY_UIApplicationSupportsIndirectInputEvents = YES;
				INFOPLIST_KEY_UILaunchScreen_Generation = YES;
				INFOPLIST_KEY_UISupportedInterfaceOrientations_iPad = "UIInterfaceOrientationPortrait UIInterfaceOrientationPortraitUpsideDown UIInterfaceOrientationLandscapeLeft UIInterfaceOrientationLandscapeRight";
				INFOPLIST_KEY_UISupportedInterfaceOrientations_iPhone = "UIInterfaceOrientationPortrait UIInterfaceOrientationLandscapeLeft UIInterfaceOrientationLandscapeRight";
				LD_RUNPATH_SEARCH_PATHS = (
					"$(inherited)",
					"@executable_path/Frameworks",
				);
				MARKETING_VERSION = 1.0;
				PRODUCT_BUNDLE_IDENTIFIER = "com.leral3.SwiftUI-Thinking-Bootcamp";
				PRODUCT_NAME = "$(TARGET_NAME)";
				SWIFT_EMIT_LOC_STRINGS = YES;
				SWIFT_VERSION = 5.0;
				TARGETED_DEVICE_FAMILY = "1,2";
			};
			name = Release;
		};
/* End XCBuildConfiguration section */

/* Begin XCConfigurationList section */
		AD1FBFA92A041E550020F2C5 /* Build configuration list for PBXProject "SwiftUI_Thinking_Bootcamp" */ = {
			isa = XCConfigurationList;
			buildConfigurations = (
				AD1FBFBA2A041E560020F2C5 /* Debug */,
				AD1FBFBB2A041E560020F2C5 /* Release */,
			);
			defaultConfigurationIsVisible = 0;
			defaultConfigurationName = Release;
		};
		AD1FBFBC2A041E560020F2C5 /* Build configuration list for PBXNativeTarget "SwiftUI_Thinking_Bootcamp" */ = {
			isa = XCConfigurationList;
			buildConfigurations = (
				AD1FBFBD2A041E560020F2C5 /* Debug */,
				AD1FBFBE2A041E560020F2C5 /* Release */,
			);
			defaultConfigurationIsVisible = 0;
			defaultConfigurationName = Release;
		};
/* End XCConfigurationList section */
	};
	rootObject = AD1FBFA62A041E550020F2C5 /* Project object */;
}
